// !$*UTF8*$!
{
	archiveVersion = 1;
	classes = {
	};
	objectVersion = 51;
	objects = {

/* Begin PBXBuildFile section */
		E5B98AAD916FBDC31CC20697 /* Pods_Todoey.framework in Frameworks */ = {isa = PBXBuildFile; fileRef = 5B7A660A377F0343BCE9F24C /* Pods_Todoey.framework */; };
		FB0E00C02572614600427BD6 /* Item.swift in Sources */ = {isa = PBXBuildFile; fileRef = FB0E00BF2572614600427BD6 /* Item.swift */; };
		FB0E00C32572614C00427BD6 /* Category.swift in Sources */ = {isa = PBXBuildFile; fileRef = FB0E00C22572614C00427BD6 /* Category.swift */; };
		FBB7497025757E120025F70F /* SwipeTableViewController.swift in Sources */ = {isa = PBXBuildFile; fileRef = FBB7496F25757E120025F70F /* SwipeTableViewController.swift */; };
		FBF348172567F5E50089E041 /* AppDelegate.swift in Sources */ = {isa = PBXBuildFile; fileRef = FBF348162567F5E50089E041 /* AppDelegate.swift */; };
		FBF348192567F5E50089E041 /* SceneDelegate.swift in Sources */ = {isa = PBXBuildFile; fileRef = FBF348182567F5E50089E041 /* SceneDelegate.swift */; };
		FBF3481B2567F5E50089E041 /* TodoListViewController.swift in Sources */ = {isa = PBXBuildFile; fileRef = FBF3481A2567F5E50089E041 /* TodoListViewController.swift */; };
		FBF3481E2567F5E50089E041 /* Main.storyboard in Resources */ = {isa = PBXBuildFile; fileRef = FBF3481C2567F5E50089E041 /* Main.storyboard */; };
		FBF348232567F5E70089E041 /* Assets.xcassets in Resources */ = {isa = PBXBuildFile; fileRef = FBF348222567F5E70089E041 /* Assets.xcassets */; };
		FBF348262567F5E70089E041 /* LaunchScreen.storyboard in Resources */ = {isa = PBXBuildFile; fileRef = FBF348242567F5E70089E041 /* LaunchScreen.storyboard */; };
		FBF34838256BCAAC0089E041 /* CategoryViewController.swift in Sources */ = {isa = PBXBuildFile; fileRef = FBF34837256BCAAC0089E041 /* CategoryViewController.swift */; };
/* End PBXBuildFile section */

/* Begin PBXFileReference section */
		214CAA74545D85D1C2BF06CF /* Pods-Todoey.release.xcconfig */ = {isa = PBXFileReference; includeInIndex = 1; lastKnownFileType = text.xcconfig; name = "Pods-Todoey.release.xcconfig"; path = "Target Support Files/Pods-Todoey/Pods-Todoey.release.xcconfig"; sourceTree = "<group>"; };
		5B7A660A377F0343BCE9F24C /* Pods_Todoey.framework */ = {isa = PBXFileReference; explicitFileType = wrapper.framework; includeInIndex = 0; path = Pods_Todoey.framework; sourceTree = BUILT_PRODUCTS_DIR; };
		8E77BA3AC75B354BADB1641F /* Pods-Todoey.debug.xcconfig */ = {isa = PBXFileReference; includeInIndex = 1; lastKnownFileType = text.xcconfig; name = "Pods-Todoey.debug.xcconfig"; path = "Target Support Files/Pods-Todoey/Pods-Todoey.debug.xcconfig"; sourceTree = "<group>"; };
		FB0E00BF2572614600427BD6 /* Item.swift */ = {isa = PBXFileReference; lastKnownFileType = sourcecode.swift; path = Item.swift; sourceTree = "<group>"; };
		FB0E00C22572614C00427BD6 /* Category.swift */ = {isa = PBXFileReference; lastKnownFileType = sourcecode.swift; path = Category.swift; sourceTree = "<group>"; };
		FBB7496F25757E120025F70F /* SwipeTableViewController.swift */ = {isa = PBXFileReference; lastKnownFileType = sourcecode.swift; path = SwipeTableViewController.swift; sourceTree = "<group>"; };
		FBF348132567F5E50089E041 /* Todoey.app */ = {isa = PBXFileReference; explicitFileType = wrapper.application; includeInIndex = 0; path = Todoey.app; sourceTree = BUILT_PRODUCTS_DIR; };
		FBF348162567F5E50089E041 /* AppDelegate.swift */ = {isa = PBXFileReference; lastKnownFileType = sourcecode.swift; path = AppDelegate.swift; sourceTree = "<group>"; };
		FBF348182567F5E50089E041 /* SceneDelegate.swift */ = {isa = PBXFileReference; lastKnownFileType = sourcecode.swift; path = SceneDelegate.swift; sourceTree = "<group>"; };
		FBF3481A2567F5E50089E041 /* TodoListViewController.swift */ = {isa = PBXFileReference; lastKnownFileType = sourcecode.swift; path = TodoListViewController.swift; sourceTree = "<group>"; };
		FBF3481D2567F5E50089E041 /* Base */ = {isa = PBXFileReference; lastKnownFileType = file.storyboard; name = Base; path = Base.lproj/Main.storyboard; sourceTree = "<group>"; };
		FBF348222567F5E70089E041 /* Assets.xcassets */ = {isa = PBXFileReference; lastKnownFileType = folder.assetcatalog; path = Assets.xcassets; sourceTree = "<group>"; };
		FBF348252567F5E70089E041 /* Base */ = {isa = PBXFileReference; lastKnownFileType = file.storyboard; name = Base; path = Base.lproj/LaunchScreen.storyboard; sourceTree = "<group>"; };
		FBF348272567F5E70089E041 /* Info.plist */ = {isa = PBXFileReference; lastKnownFileType = text.plist.xml; path = Info.plist; sourceTree = "<group>"; };
		FBF34837256BCAAC0089E041 /* CategoryViewController.swift */ = {isa = PBXFileReference; lastKnownFileType = sourcecode.swift; path = CategoryViewController.swift; sourceTree = "<group>"; };
/* End PBXFileReference section */

/* Begin PBXFrameworksBuildPhase section */
		FBF348102567F5E50089E041 /* Frameworks */ = {
			isa = PBXFrameworksBuildPhase;
			buildActionMask = 2147483647;
			files = (
				E5B98AAD916FBDC31CC20697 /* Pods_Todoey.framework in Frameworks */,
			);
			runOnlyForDeploymentPostprocessing = 0;
		};
/* End PBXFrameworksBuildPhase section */

/* Begin PBXGroup section */
		2BD1162F5B5494BC25E3AB1C /* Pods */ = {
			isa = PBXGroup;
			children = (
				8E77BA3AC75B354BADB1641F /* Pods-Todoey.debug.xcconfig */,
				214CAA74545D85D1C2BF06CF /* Pods-Todoey.release.xcconfig */,
			);
			path = Pods;
			sourceTree = "<group>";
		};
		5777792F81C828E0FC1B9D2A /* Frameworks */ = {
			isa = PBXGroup;
			children = (
				5B7A660A377F0343BCE9F24C /* Pods_Todoey.framework */,
			);
			name = Frameworks;
			sourceTree = "<group>";
		};
		FBF3480A2567F5E50089E041 = {
			isa = PBXGroup;
			children = (
				FBF348152567F5E50089E041 /* Todoey */,
				FBF348142567F5E50089E041 /* Products */,
				2BD1162F5B5494BC25E3AB1C /* Pods */,
				5777792F81C828E0FC1B9D2A /* Frameworks */,
			);
			sourceTree = "<group>";
		};
		FBF348142567F5E50089E041 /* Products */ = {
			isa = PBXGroup;
			children = (
				FBF348132567F5E50089E041 /* Todoey.app */,
			);
			name = Products;
			sourceTree = "<group>";
		};
		FBF348152567F5E50089E041 /* Todoey */ = {
			isa = PBXGroup;
			children = (
				FBF348272567F5E70089E041 /* Info.plist */,
				FBF348162567F5E50089E041 /* AppDelegate.swift */,
				FBF348182567F5E50089E041 /* SceneDelegate.swift */,
				FBF3482E2567F7040089E041 /* Model */,
				FBF3482F2567F79E0089E041 /* View */,
				FBF348302567F7B00089E041 /* Controller */,
				FBF348322567F7CD0089E041 /* Supporting files */,
			);
			path = Todoey;
			sourceTree = "<group>";
		};
		FBF3482E2567F7040089E041 /* Model */ = {
			isa = PBXGroup;
			children = (
				FB0E00C22572614C00427BD6 /* Category.swift */,
				FB0E00BF2572614600427BD6 /* Item.swift */,
			);
			path = Model;
			sourceTree = "<group>";
		};
		FBF3482F2567F79E0089E041 /* View */ = {
			isa = PBXGroup;
			children = (
				FBF3481C2567F5E50089E041 /* Main.storyboard */,
				FBF348242567F5E70089E041 /* LaunchScreen.storyboard */,
			);
			path = View;
			sourceTree = "<group>";
		};
		FBF348302567F7B00089E041 /* Controller */ = {
			isa = PBXGroup;
			children = (
				FBF3481A2567F5E50089E041 /* TodoListViewController.swift */,
				FBF34837256BCAAC0089E041 /* CategoryViewController.swift */,
				FBB7496F25757E120025F70F /* SwipeTableViewController.swift */,
			);
			path = Controller;
			sourceTree = "<group>";
		};
		FBF348322567F7CD0089E041 /* Supporting files */ = {
			isa = PBXGroup;
			children = (
				FBF348222567F5E70089E041 /* Assets.xcassets */,
			);
			path = "Supporting files";
			sourceTree = "<group>";
		};
/* End PBXGroup section */

/* Begin PBXNativeTarget section */
		FBF348122567F5E50089E041 /* Todoey */ = {
			isa = PBXNativeTarget;
			buildConfigurationList = FBF3482A2567F5E70089E041 /* Build configuration list for PBXNativeTarget "Todoey" */;
			buildPhases = (
				FA5772BB0930166F431A467F /* [CP] Check Pods Manifest.lock */,
				FBF3480F2567F5E50089E041 /* Sources */,
				FBF348102567F5E50089E041 /* Frameworks */,
				FBF348112567F5E50089E041 /* Resources */,
				148712605B5131E99393E76D /* [CP] Embed Pods Frameworks */,
			);
			buildRules = (
			);
			dependencies = (
			);
			name = Todoey;
			productName = Todoey;
			productReference = FBF348132567F5E50089E041 /* Todoey.app */;
			productType = "com.apple.product-type.application";
		};
/* End PBXNativeTarget section */

/* Begin PBXProject section */
		FBF3480B2567F5E50089E041 /* Project object */ = {
			isa = PBXProject;
			attributes = {
				LastSwiftUpdateCheck = 1200;
				LastUpgradeCheck = 1200;
				TargetAttributes = {
					FBF348122567F5E50089E041 = {
						CreatedOnToolsVersion = 12.0.1;
					};
				};
			};
			buildConfigurationList = FBF3480E2567F5E50089E041 /* Build configuration list for PBXProject "Todoey" */;
			compatibilityVersion = "Xcode 9.3";
			developmentRegion = en;
			hasScannedForEncodings = 0;
			knownRegions = (
				en,
				Base,
			);
			mainGroup = FBF3480A2567F5E50089E041;
			productRefGroup = FBF348142567F5E50089E041 /* Products */;
			projectDirPath = "";
			projectRoot = "";
			targets = (
				FBF348122567F5E50089E041 /* Todoey */,
			);
		};
/* End PBXProject section */

/* Begin PBXResourcesBuildPhase section */
		FBF348112567F5E50089E041 /* Resources */ = {
			isa = PBXResourcesBuildPhase;
			buildActionMask = 2147483647;
			files = (
				FBF348262567F5E70089E041 /* LaunchScreen.storyboard in Resources */,
				FBF348232567F5E70089E041 /* Assets.xcassets in Resources */,
				FBF3481E2567F5E50089E041 /* Main.storyboard in Resources */,
			);
			runOnlyForDeploymentPostprocessing = 0;
		};
/* End PBXResourcesBuildPhase section */

/* Begin PBXShellScriptBuildPhase section */
		148712605B5131E99393E76D /* [CP] Embed Pods Frameworks */ = {
			isa = PBXShellScriptBuildPhase;
			buildActionMask = 2147483647;
			files = (
			);
			inputFileListPaths = (
				"${PODS_ROOT}/Target Support Files/Pods-Todoey/Pods-Todoey-frameworks-${CONFIGURATION}-input-files.xcfilelist",
			);
			name = "[CP] Embed Pods Frameworks";
			outputFileListPaths = (
				"${PODS_ROOT}/Target Support Files/Pods-Todoey/Pods-Todoey-frameworks-${CONFIGURATION}-output-files.xcfilelist",
			);
			runOnlyForDeploymentPostprocessing = 0;
			shellPath = /bin/sh;
			shellScript = "\"${PODS_ROOT}/Target Support Files/Pods-Todoey/Pods-Todoey-frameworks.sh\"\n";
			showEnvVarsInLog = 0;
		};
		FA5772BB0930166F431A467F /* [CP] Check Pods Manifest.lock */ = {
			isa = PBXShellScriptBuildPhase;
			buildActionMask = 2147483647;
			files = (
			);
			inputFileListPaths = (
			);
			inputPaths = (
				"${PODS_PODFILE_DIR_PATH}/Podfile.lock",
				"${PODS_ROOT}/Manifest.lock",
			);
			name = "[CP] Check Pods Manifest.lock";
			outputFileListPaths = (
			);
			outputPaths = (
				"$(DERIVED_FILE_DIR)/Pods-Todoey-checkManifestLockResult.txt",
			);
			runOnlyForDeploymentPostprocessing = 0;
			shellPath = /bin/sh;
			shellScript = "diff \"${PODS_PODFILE_DIR_PATH}/Podfile.lock\" \"${PODS_ROOT}/Manifest.lock\" > /dev/null\nif [ $? != 0 ] ; then\n    # print error to STDERR\n    echo \"error: The sandbox is not in sync with the Podfile.lock. Run 'pod install' or update your CocoaPods installation.\" >&2\n    exit 1\nfi\n# This output is used by Xcode 'outputs' to avoid re-running this script phase.\necho \"SUCCESS\" > \"${SCRIPT_OUTPUT_FILE_0}\"\n";
			showEnvVarsInLog = 0;
		};
/* End PBXShellScriptBuildPhase section */

/* Begin PBXSourcesBuildPhase section */
		FBF3480F2567F5E50089E041 /* Sources */ = {
			isa = PBXSourcesBuildPhase;
			buildActionMask = 2147483647;
			files = (
				FBF34838256BCAAC0089E041 /* CategoryViewController.swift in Sources */,
				FBF3481B2567F5E50089E041 /* TodoListViewController.swift in Sources */,
				FBF348172567F5E50089E041 /* AppDelegate.swift in Sources */,
				FBF348192567F5E50089E041 /* SceneDelegate.swift in Sources */,
				FB0E00C02572614600427BD6 /* Item.swift in Sources */,
				FBB7497025757E120025F70F /* SwipeTableViewController.swift in Sources */,
				FB0E00C32572614C00427BD6 /* Category.swift in Sources */,
			);
			runOnlyForDeploymentPostprocessing = 0;
		};
/* End PBXSourcesBuildPhase section */

/* Begin PBXVariantGroup section */
		FBF3481C2567F5E50089E041 /* Main.storyboard */ = {
			isa = PBXVariantGroup;
			children = (
				FBF3481D2567F5E50089E041 /* Base */,
			);
			name = Main.storyboard;
			sourceTree = "<group>";
		};
		FBF348242567F5E70089E041 /* LaunchScreen.storyboard */ = {
			isa = PBXVariantGroup;
			children = (
				FBF348252567F5E70089E041 /* Base */,
			);
			name = LaunchScreen.storyboard;
			sourceTree = "<group>";
		};
/* End PBXVariantGroup section */

/* Begin XCBuildConfiguration section */
		FBF348282567F5E70089E041 /* Debug */ = {
			isa = XCBuildConfiguration;
			buildSettings = {
				ALWAYS_SEARCH_USER_PATHS = NO;
				CLANG_ANALYZER_NONNULL = YES;
				CLANG_ANALYZER_NUMBER_OBJECT_CONVERSION = YES_AGGRESSIVE;
				CLANG_CXX_LANGUAGE_STANDARD = "gnu++14";
				CLANG_CXX_LIBRARY = "libc++";
				CLANG_ENABLE_MODULES = YES;
				CLANG_ENABLE_OBJC_ARC = YES;
				CLANG_ENABLE_OBJC_WEAK = YES;
				CLANG_WARN_BLOCK_CAPTURE_AUTORELEASING = YES;
				CLANG_WARN_BOOL_CONVERSION = YES;
				CLANG_WARN_COMMA = YES;
				CLANG_WARN_CONSTANT_CONVERSION = YES;
				CLANG_WARN_DEPRECATED_OBJC_IMPLEMENTATIONS = YES;
				CLANG_WARN_DIRECT_OBJC_ISA_USAGE = YES_ERROR;
				CLANG_WARN_DOCUMENTATION_COMMENTS = YES;
				CLANG_WARN_EMPTY_BODY = YES;
				CLANG_WARN_ENUM_CONVERSION = YES;
				CLANG_WARN_INFINITE_RECURSION = YES;
				CLANG_WARN_INT_CONVERSION = YES;
				CLANG_WARN_NON_LITERAL_NULL_CONVERSION = YES;
				CLANG_WARN_OBJC_IMPLICIT_RETAIN_SELF = YES;
				CLANG_WARN_OBJC_LITERAL_CONVERSION = YES;
				CLANG_WARN_OBJC_ROOT_CLASS = YES_ERROR;
				CLANG_WARN_QUOTED_INCLUDE_IN_FRAMEWORK_HEADER = YES;
				CLANG_WARN_RANGE_LOOP_ANALYSIS = YES;
				CLANG_WARN_STRICT_PROTOTYPES = YES;
				CLANG_WARN_SUSPICIOUS_MOVE = YES;
				CLANG_WARN_UNGUARDED_AVAILABILITY = YES_AGGRESSIVE;
				CLANG_WARN_UNREACHABLE_CODE = YES;
				CLANG_WARN__DUPLICATE_METHOD_MATCH = YES;
				COPY_PHASE_STRIP = NO;
				DEBUG_INFORMATION_FORMAT = dwarf;
				ENABLE_STRICT_OBJC_MSGSEND = YES;
				ENABLE_TESTABILITY = YES;
				GCC_C_LANGUAGE_STANDARD = gnu11;
				GCC_DYNAMIC_NO_PIC = NO;
				GCC_NO_COMMON_BLOCKS = YES;
				GCC_OPTIMIZATION_LEVEL = 0;
				GCC_PREPROCESSOR_DEFINITIONS = (
					"DEBUG=1",
					"$(inherited)",
				);
				GCC_WARN_64_TO_32_BIT_CONVERSION = YES;
				GCC_WARN_ABOUT_RETURN_TYPE = YES_ERROR;
				GCC_WARN_UNDECLARED_SELECTOR = YES;
				GCC_WARN_UNINITIALIZED_AUTOS = YES_AGGRESSIVE;
				GCC_WARN_UNUSED_FUNCTION = YES;
				GCC_WARN_UNUSED_VARIABLE = YES;
				IPHONEOS_DEPLOYMENT_TARGET = 14.0;
				MTL_ENABLE_DEBUG_INFO = INCLUDE_SOURCE;
				MTL_FAST_MATH = YES;
				ONLY_ACTIVE_ARCH = YES;
				SDKROOT = iphoneos;
				SWIFT_ACTIVE_COMPILATION_CONDITIONS = DEBUG;
				SWIFT_OPTIMIZATION_LEVEL = "-Onone";
			};
			name = Debug;
		};
		FBF348292567F5E70089E041 /* Release */ = {
			isa = XCBuildConfiguration;
			buildSettings = {
				ALWAYS_SEARCH_USER_PATHS = NO;
				CLANG_ANALYZER_NONNULL = YES;
				CLANG_ANALYZER_NUMBER_OBJECT_CONVERSION = YES_AGGRESSIVE;
				CLANG_CXX_LANGUAGE_STANDARD = "gnu++14";
				CLANG_CXX_LIBRARY = "libc++";
				CLANG_ENABLE_MODULES = YES;
				CLANG_ENABLE_OBJC_ARC = YES;
				CLANG_ENABLE_OBJC_WEAK = YES;
				CLANG_WARN_BLOCK_CAPTURE_AUTORELEASING = YES;
				CLANG_WARN_BOOL_CONVERSION = YES;
				CLANG_WARN_COMMA = YES;
				CLANG_WARN_CONSTANT_CONVERSION = YES;
				CLANG_WARN_DEPRECATED_OBJC_IMPLEMENTATIONS = YES;
				CLANG_WARN_DIRECT_OBJC_ISA_USAGE = YES_ERROR;
				CLANG_WARN_DOCUMENTATION_COMMENTS = YES;
				CLANG_WARN_EMPTY_BODY = YES;
				CLANG_WARN_ENUM_CONVERSION = YES;
				CLANG_WARN_INFINITE_RECURSION = YES;
				CLANG_WARN_INT_CONVERSION = YES;
				CLANG_WARN_NON_LITERAL_NULL_CONVERSION = YES;
				CLANG_WARN_OBJC_IMPLICIT_RETAIN_SELF = YES;
				CLANG_WARN_OBJC_LITERAL_CONVERSION = YES;
				CLANG_WARN_OBJC_ROOT_CLASS = YES_ERROR;
				CLANG_WARN_QUOTED_INCLUDE_IN_FRAMEWORK_HEADER = YES;
				CLANG_WARN_RANGE_LOOP_ANALYSIS = YES;
				CLANG_WARN_STRICT_PROTOTYPES = YES;
				CLANG_WARN_SUSPICIOUS_MOVE = YES;
				CLANG_WARN_UNGUARDED_AVAILABILITY = YES_AGGRESSIVE;
				CLANG_WARN_UNREACHABLE_CODE = YES;
				CLANG_WARN__DUPLICATE_METHOD_MATCH = YES;
				COPY_PHASE_STRIP = NO;
				DEBUG_INFORMATION_FORMAT = "dwarf-with-dsym";
				ENABLE_NS_ASSERTIONS = NO;
				ENABLE_STRICT_OBJC_MSGSEND = YES;
				GCC_C_LANGUAGE_STANDARD = gnu11;
				GCC_NO_COMMON_BLOCKS = YES;
				GCC_WARN_64_TO_32_BIT_CONVERSION = YES;
				GCC_WARN_ABOUT_RETURN_TYPE = YES_ERROR;
				GCC_WARN_UNDECLARED_SELECTOR = YES;
				GCC_WARN_UNINITIALIZED_AUTOS = YES_AGGRESSIVE;
				GCC_WARN_UNUSED_FUNCTION = YES;
				GCC_WARN_UNUSED_VARIABLE = YES;
				IPHONEOS_DEPLOYMENT_TARGET = 14.0;
				MTL_ENABLE_DEBUG_INFO = NO;
				MTL_FAST_MATH = YES;
				SDKROOT = iphoneos;
				SWIFT_COMPILATION_MODE = wholemodule;
				SWIFT_OPTIMIZATION_LEVEL = "-O";
				VALIDATE_PRODUCT = YES;
			};
			name = Release;
		};
		FBF3482B2567F5E70089E041 /* Debug */ = {
			isa = XCBuildConfiguration;
			baseConfigurationReference = 8E77BA3AC75B354BADB1641F /* Pods-Todoey.debug.xcconfig */;
			buildSettings = {
				ASSETCATALOG_COMPILER_APPICON_NAME = AppIcon;
				ASSETCATALOG_COMPILER_GLOBAL_ACCENT_COLOR_NAME = AccentColor;
				CODE_SIGN_STYLE = Automatic;
				DEVELOPMENT_TEAM = KVHQPJK67C;
				INFOPLIST_FILE = Todoey/Info.plist;
				LD_RUNPATH_SEARCH_PATHS = (
					"$(inherited)",
					"@executable_path/Frameworks",
				);
				PRODUCT_BUNDLE_IDENTIFIER = "Vsevolod-Dz..Todoey";
				PRODUCT_NAME = "$(TARGET_NAME)";
				SWIFT_VERSION = 5.0;
				TARGETED_DEVICE_FAMILY = "1,2";
			};
			name = Debug;
		};
		FBF3482C2567F5E70089E041 /* Release */ = {
			isa = XCBuildConfiguration;
			baseConfigurationReference = 214CAA74545D85D1C2BF06CF /* Pods-Todoey.release.xcconfig */;
			buildSettings = {
				ASSETCATALOG_COMPILER_APPICON_NAME = AppIcon;
				ASSETCATALOG_COMPILER_GLOBAL_ACCENT_COLOR_NAME = AccentColor;
				CODE_SIGN_STYLE = Automatic;
				DEVELOPMENT_TEAM = KVHQPJK67C;
				INFOPLIST_FILE = Todoey/Info.plist;
				LD_RUNPATH_SEARCH_PATHS = (
					"$(inherited)",
					"@executable_path/Frameworks",
				);
				PRODUCT_BUNDLE_IDENTIFIER = "Vsevolod-Dz..Todoey";
				PRODUCT_NAME = "$(TARGET_NAME)";
				SWIFT_VERSION = 5.0;
				TARGETED_DEVICE_FAMILY = "1,2";
			};
			name = Release;
		};
/* End XCBuildConfiguration section */

/* Begin XCConfigurationList section */
		FBF3480E2567F5E50089E041 /* Build configuration list for PBXProject "Todoey" */ = {
			isa = XCConfigurationList;
			buildConfigurations = (
				FBF348282567F5E70089E041 /* Debug */,
				FBF348292567F5E70089E041 /* Release */,
			);
			defaultConfigurationIsVisible = 0;
			defaultConfigurationName = Release;
		};
		FBF3482A2567F5E70089E041 /* Build configuration list for PBXNativeTarget "Todoey" */ = {
			isa = XCConfigurationList;
			buildConfigurations = (
				FBF3482B2567F5E70089E041 /* Debug */,
				FBF3482C2567F5E70089E041 /* Release */,
			);
			defaultConfigurationIsVisible = 0;
			defaultConfigurationName = Release;
		};
/* End XCConfigurationList section */
	};
	rootObject = FBF3480B2567F5E50089E041 /* Project object */;
}
